
Microsoft Visual Studio Solution File, Format Version 11.00
# Visual Studio 2010
Project("{FAE04EC0-301F-11D3-BF4B-00C04F79EFBC}") = "nambers", "Assembly-CSharp.csproj", "{BB24B544-DEBC-46F0-536A-60873376BF27}"
EndProject
Project("{FAE04EC0-301F-11D3-BF4B-00C04F79EFBC}") = "nambers", "Assembly-CSharp-Editor.csproj", "{90365613-D8AF-5354-A0E1-D4C2EA85FF33}"
EndProject
Global
	GlobalSection(SolutionConfigurationPlatforms) = preSolution
		Debug|Any CPU = Debug|Any CPU
		Release|Any CPU = Release|Any CPU
	EndGlobalSection
	GlobalSection(ProjectConfigurationPlatforms) = postSolution
		{BB24B544-DEBC-46F0-536A-60873376BF27}.Debug|Any CPU.ActiveCfg = Debug|Any CPU
		{BB24B544-DEBC-46F0-536A-60873376BF27}.Debug|Any CPU.Build.0 = Debug|Any CPU
		{BB24B544-DEBC-46F0-536A-60873376BF27}.Release|Any CPU.ActiveCfg = Release|Any CPU
		{BB24B544-DEBC-46F0-536A-60873376BF27}.Release|Any CPU.Build.0 = Release|Any CPU
		{90365613-D8AF-5354-A0E1-D4C2EA85FF33}.Debug|Any CPU.ActiveCfg = Debug|Any CPU
		{90365613-D8AF-5354-A0E1-D4C2EA85FF33}.Debug|Any CPU.Build.0 = Debug|Any CPU
		{90365613-D8AF-5354-A0E1-D4C2EA85FF33}.Release|Any CPU.ActiveCfg = Release|Any CPU
		{90365613-D8AF-5354-A0E1-D4C2EA85FF33}.Release|Any CPU.Build.0 = Release|Any CPU
	EndGlobalSection
	GlobalSection(SolutionProperties) = preSolution
		HideSolutionNode = FALSE
	EndGlobalSection
	GlobalSection(MonoDevelopProperties) = preSolution
		StartupItem = Assembly-CSharp.csproj
	EndGlobalSection
EndGlobal
